
Microsoft Visual Studio Solution File, Format Version 12.00
# Visual Studio Version 16
VisualStudioVersion = 16.0.30011.22
MinimumVisualStudioVersion = 10.0.40219.1
Project("{FAE04EC0-301F-11D3-BF4B-00C04F79EFBC}") = "Cosmos DB SQL API", "Cosmos DB SQL API\Cosmos DB SQL API.csproj", "{145A4270-57C3-4424-B480-43F802B9FC1D}"
EndProject
Global
	GlobalSection(SolutionConfigurationPlatforms) = preSolution
		Debug|Any CPU = Debug|Any CPU
		Release|Any CPU = Release|Any CPU
	EndGlobalSection
	GlobalSection(ProjectConfigurationPlatforms) = postSolution
		{145A4270-57C3-4424-B480-43F802B9FC1D}.Debug|Any CPU.ActiveCfg = Debug|Any CPU
		{145A4270-57C3-4424-B480-43F802B9FC1D}.Debug|Any CPU.Build.0 = Debug|Any CPU
		{145A4270-57C3-4424-B480-43F802B9FC1D}.Release|Any CPU.ActiveCfg = Release|Any CPU
		{145A4270-57C3-4424-B480-43F802B9FC1D}.Release|Any CPU.Build.0 = Release|Any CPU
	EndGlobalSection
	GlobalSection(SolutionProperties) = preSolution
		HideSolutionNode = FALSE
	EndGlobalSection
	GlobalSection(ExtensibilityGlobals) = postSolution
		SolutionGuid = {94E0AC7C-DDF9-4E9C-A67D-3D106037A792}
	EndGlobalSection
EndGlobal
